
Microsoft Visual Studio Solution File, Format Version 12.00
# Visual Studio Version 16
VisualStudioVersion = 16.0.30517.126
MinimumVisualStudioVersion = 10.0.40219.1
Project("{FAE04EC0-301F-11D3-BF4B-00C04F79EFBC}") = "eShopOnline.WebApp", "eShopOnline.WebApp\eShopOnline.WebApp.csproj", "{ACFEF375-EFB2-415B-864C-7EB9FB72E77A}"
EndProject
Global
	GlobalSection(SolutionConfigurationPlatforms) = preSolution
		Debug|Any CPU = Debug|Any CPU
		Release|Any CPU = Release|Any CPU
	EndGlobalSection
	GlobalSection(ProjectConfigurationPlatforms) = postSolution
		{ACFEF375-EFB2-415B-864C-7EB9FB72E77A}.Debug|Any CPU.ActiveCfg = Debug|Any CPU
		{ACFEF375-EFB2-415B-864C-7EB9FB72E77A}.Debug|Any CPU.Build.0 = Debug|Any CPU
		{ACFEF375-EFB2-415B-864C-7EB9FB72E77A}.Release|Any CPU.ActiveCfg = Release|Any CPU
		{ACFEF375-EFB2-415B-864C-7EB9FB72E77A}.Release|Any CPU.Build.0 = Release|Any CPU
	EndGlobalSection
	GlobalSection(SolutionProperties) = preSolution
		HideSolutionNode = FALSE
	EndGlobalSection
	GlobalSection(ExtensibilityGlobals) = postSolution
		SolutionGuid = {9E9984BF-D2B0-4E53-AF9C-72884FA578C8}
	EndGlobalSection
EndGlobal
