
Microsoft Visual Studio Solution File, Format Version 12.00
# Visual Studio Version 16
VisualStudioVersion = 16.0.30517.126
MinimumVisualStudioVersion = 10.0.40219.1
Project("{9A19103F-16F7-4668-BE54-9A1E7A4F7556}") = "eShopOnline.WebApp", "eShopOnline.WebApp\eShopOnline.WebApp.csproj", "{ACFEF375-EFB2-415B-864C-7EB9FB72E77A}"
EndProject
Project("{2150E333-8FDC-42A3-9474-1A3956D46DE8}") = "Solution Items", "Solution Items", "{64AD6E79-4296-42FC-9B72-59CB8A93DB97}"
	ProjectSection(SolutionItems) = preProject
		README.md = README.md
	EndProjectSection
EndProject
Global
	GlobalSection(SolutionConfigurationPlatforms) = preSolution
		Debug|Any CPU = Debug|Any CPU
		Release|Any CPU = Release|Any CPU
	EndGlobalSection
	GlobalSection(ProjectConfigurationPlatforms) = postSolution
		{ACFEF375-EFB2-415B-864C-7EB9FB72E77A}.Debug|Any CPU.ActiveCfg = Debug|Any CPU
		{ACFEF375-EFB2-415B-864C-7EB9FB72E77A}.Debug|Any CPU.Build.0 = Debug|Any CPU
		{ACFEF375-EFB2-415B-864C-7EB9FB72E77A}.Release|Any CPU.ActiveCfg = Release|Any CPU
		{ACFEF375-EFB2-415B-864C-7EB9FB72E77A}.Release|Any CPU.Build.0 = Release|Any CPU
	EndGlobalSection
	GlobalSection(SolutionProperties) = preSolution
		HideSolutionNode = FALSE
	EndGlobalSection
	GlobalSection(ExtensibilityGlobals) = postSolution
		SolutionGuid = {9E9984BF-D2B0-4E53-AF9C-72884FA578C8}
	EndGlobalSection
EndGlobal
